<?xml version="1.0" encoding="UTF-8" standalone="yes" ?>
<CodeBlocks_project_file>
	<FileVersion major="1" minor="6" />
	<Project>
		<Option title="Ymir" />
		<Option pch_mode="2" />
		<Option compiler="gcc" />
		<Build>
			<Target title="Debug">
				<Option output="bin/Debug/Ymir" prefix_auto="1" extension_auto="1" />
				<Option working_dir="windows/Ymir" />
				<Option object_output="obj/Debug/" />
				<Option type="1" />
				<Option compiler="gcc" />
				<Compiler>
					<Add option="-std=c++0x" />
					<Add option="-g" />
					<Add directory="windows/OpenAL/include" />
					<Add directory="windows/GLM" />
					<Add directory="windows/GLEW/include" />
					<Add directory="windows/GLFW/include" />
				</Compiler>
				<Linker>
					<Add library="kernel32" />
					<Add library="user32" />
					<Add library="gdi32" />
					<Add library="glfw" />
					<Add library="opengl32" />
					<Add library="glew32" />
					<Add library="glu32" />
					<Add library="OpenAL32" />
					<Add library="alut" />
					<Add library="wsock32" />
					<Add directory="windows/GLEW/lib" />
					<Add directory="windows/GLFW/lib-mingw" />
					<Add directory="windows/OpenAL/libs" />
					<Add directory="windows/OpenAL/libs/Win32" />
				</Linker>
			</Target>
		</Build>
		<Compiler>
			<Add option="-Wall" />
		</Compiler>
		<Unit filename="src/Application.cc" />
		<Unit filename="src/Application.h" />
		<Unit filename="src/AttackComponent.h" />
		<Unit filename="src/AttackEngine.cc" />
		<Unit filename="src/AudioEngine.cc" />
		<Unit filename="src/AudioEngine.h" />
		<Unit filename="src/Audio/Buffer.cc" />
		<Unit filename="src/Audio/Buffer.h" />
		<Unit filename="src/Audio/Listener.cc" />
		<Unit filename="src/Audio/Listener.h" />
		<Unit filename="src/Audio/Source.cc" />
		<Unit filename="src/Audio/Source.h" />
		<Unit filename="src/Behavior.h" />
		<Unit filename="src/BehaviorEngine.cc" />
		<Unit filename="src/BehaviorEngine.h" />
		<Unit filename="src/Bitmap.cc" />
		<Unit filename="src/Bitmap.h" />
		<Unit filename="src/CameraComponent.cc" />
		<Unit filename="src/CameraComponent.h" />
		<Unit filename="src/CarCollisionBehavior.cc" />
		<Unit filename="src/CarCollisionBehavior.h" />
		<Unit filename="src/CarComponent.h" />
		<Unit filename="src/Client.cpp" />
		<Unit filename="src/Client.h" />
		<Unit filename="src/Collider.cc" />
		<Unit filename="src/Collider.h" />
		<Unit filename="src/CollisionEngine.cc" />
		<Unit filename="src/CollisionEngine.h" />
		<Unit filename="src/Component.cc" />
		<Unit filename="src/Component.h" />
		<Unit filename="src/CubeGeometry.h" />
		<Unit filename="src/Cubemap.cc" />
		<Unit filename="src/Cubemap.h" />
		<Unit filename="src/CubemapResourceLoader.cc" />
		<Unit filename="src/CubemapResourceLoader.h" />
		<Unit filename="src/CurrencyComponent.h" />
		<Unit filename="src/CurrencyEngine.cc" />
		<Unit filename="src/CurrencyEngine.h" />
		<Unit filename="src/DirectoryManifest.cc" />
		<Unit filename="src/DirectoryManifest.h" />
		<Unit filename="src/EnergyComponent.h" />
		<Unit filename="src/EnergyEngine.cc" />
		<Unit filename="src/Engine.h" />
		<Unit filename="src/EngineManager.cc" />
		<Unit filename="src/EngineManager.h" />
		<Unit filename="src/Entity.cc" />
		<Unit filename="src/Entity.h" />
		<Unit filename="src/FPSCameraBehavior.cc" />
		<Unit filename="src/FPSCameraBehavior.h" />
		<Unit filename="src/FileStreamReader.cc" />
		<Unit filename="src/FileStreamReader.h" />
		<Unit filename="src/Font.cc" />
		<Unit filename="src/Font.h" />
		<Unit filename="src/Gameplay.cc" />
		<Unit filename="src/Gameplay.h" />
		<Unit filename="src/Geometry.h" />
		<Unit filename="src/LightComponent.cc" />
		<Unit filename="src/LightComponent.h" />
		<Unit filename="src/ListenerComponent.h" />
		<Unit filename="src/Manifest.h" />
		<Unit filename="src/Mesh.cc" />
		<Unit filename="src/Mesh.h" />
		<Unit filename="src/Message.h" />
		<Unit filename="src/ModelComponent.h" />
		<Unit filename="src/Network.cpp" />
		<Unit filename="src/Network.h">
			<Option target="&lt;{~None~}&gt;" />
		</Unit>
		<Unit filename="src/NetworkHeader.h" />
		<Unit filename="src/NetworkPacket.h" />
		<Unit filename="src/NetworkValue.h" />
		<Unit filename="src/NodeCache.h" />
		<Unit filename="src/ObjGeometry.cc" />
		<Unit filename="src/ObjGeometry.h" />
		<Unit filename="src/OwnerComponent.cpp">
			<Option target="&lt;{~None~}&gt;" />
		</Unit>
		<Unit filename="src/OwnerComponent.h">
			<Option target="&lt;{~None~}&gt;" />
		</Unit>
		<Unit filename="src/Program.cc" />
		<Unit filename="src/Program.h" />
		<Unit filename="src/ProgramResourceLoader.h" />
		<Unit filename="src/RTSCameraBehavior.cpp" />
		<Unit filename="src/RTSCameraBehavior.h" />
		<Unit filename="src/Renderer/Camera.cc" />
		<Unit filename="src/Renderer/Camera.h" />
		<Unit filename="src/Renderer/Light.cc" />
		<Unit filename="src/Renderer/Light.h" />
		<Unit filename="src/Renderer/Model.cc" />
		<Unit filename="src/Renderer/Model.h" />
		<Unit filename="src/Renderer/RenderEngine.cc" />
		<Unit filename="src/Renderer/RenderEngine.h" />
		<Unit filename="src/Renderer/Text.cc" />
		<Unit filename="src/Renderer/Text.h" />
		<Unit filename="src/ResourceManager.h" />
		<Unit filename="src/RotateBehavior.cc" />
		<Unit filename="src/RotateBehavior.h" />
		<Unit filename="src/Scene.cc" />
		<Unit filename="src/Scene.h" />
		<Unit filename="src/Shader.cc" />
		<Unit filename="src/Shader.h" />
		<Unit filename="src/SimpleTestTriggerBehavior.cc" />
		<Unit filename="src/SimpleTestTriggerBehavior.h" />
		<Unit filename="src/SourceComponent.h" />
		<Unit filename="src/SpatialComponent.cc" />
		<Unit filename="src/SpatialComponent.h" />
		<Unit filename="src/SphereColliderComponent.h" />
		<Unit filename="src/StreamReader.cc" />
		<Unit filename="src/StreamReader.h" />
		<Unit filename="src/Texture.cc" />
		<Unit filename="src/Texture.h" />
		<Unit filename="src/Tile.cpp" />
		<Unit filename="src/Tile.h" />
		<Unit filename="src/TileMap.cpp" />
		<Unit filename="src/TileMap.h" />
		<Unit filename="src/Timer.cc" />
		<Unit filename="src/Timer.h" />
		<Unit filename="src/UniqueNumberGenerator.cpp" />
		<Unit filename="src/UniqueNumberGenerator.h" />
		<Unit filename="src/WSADMoveBehavior.cc" />
		<Unit filename="src/WSADMoveBehavior.h" />
		<Unit filename="src/fontstash.h" />
		<Unit filename="src/stb_image.c">
			<Option compilerVar="CC" />
		</Unit>
		<Unit filename="src/stb_image.h" />
		<Unit filename="src/stb_truetype.c">
			<Option compilerVar="CC" />
		</Unit>
		<Unit filename="src/stb_truetype.h" />
		<Unit filename="windows/Ymir/main.cc" />
		<Extensions>
			<code_completion />
			<envvars />
			<debugger />
		</Extensions>
	</Project>
</CodeBlocks_project_file>
